
Microsoft Visual Studio Solution File, Format Version 12.00
# Visual Studio Version 16
VisualStudioVersion = 16.0.31129.286
MinimumVisualStudioVersion = 10.0.40219.1
Project("{FAE04EC0-301F-11D3-BF4B-00C04F79EFBC}") = "myService", "myService\myService.csproj", "{5370E016-FE57-4941-AE5C-94A186FB7C62}"
EndProject
Global
	GlobalSection(SolutionConfigurationPlatforms) = preSolution
		Debug|Any CPU = Debug|Any CPU
		Release|Any CPU = Release|Any CPU
	EndGlobalSection
	GlobalSection(ProjectConfigurationPlatforms) = postSolution
		{5370E016-FE57-4941-AE5C-94A186FB7C62}.Debug|Any CPU.ActiveCfg = Debug|Any CPU
		{5370E016-FE57-4941-AE5C-94A186FB7C62}.Debug|Any CPU.Build.0 = Debug|Any CPU
		{5370E016-FE57-4941-AE5C-94A186FB7C62}.Release|Any CPU.ActiveCfg = Release|Any CPU
		{5370E016-FE57-4941-AE5C-94A186FB7C62}.Release|Any CPU.Build.0 = Release|Any CPU
	EndGlobalSection
	GlobalSection(SolutionProperties) = preSolution
		HideSolutionNode = FALSE
	EndGlobalSection
	GlobalSection(ExtensibilityGlobals) = postSolution
		SolutionGuid = {13FC6490-F4D0-4400-A30F-B4CC0BC0A1FD}
	EndGlobalSection
EndGlobal
